
Microsoft Visual Studio Solution File, Format Version 12.00
# Visual Studio Version 17
VisualStudioVersion = 17.4.33205.214
MinimumVisualStudioVersion = 10.0.40219.1
Project("{FAE04EC0-301F-11D3-BF4B-00C04F79EFBC}") = "Indexer,Reflection", "Indexer,Reflection\Indexer,Reflection.csproj", "{05F5D0AE-AD1F-478C-8DDF-188321C62F1E}"
EndProject
Project("{FAE04EC0-301F-11D3-BF4B-00C04F79EFBC}") = "ServiceLayer", "ServiceLayer\ServiceLayer.csproj", "{A7AB95B2-F82B-487F-ADAC-4ED35FDC54C4}"
EndProject
Global
	GlobalSection(SolutionConfigurationPlatforms) = preSolution
		Debug|Any CPU = Debug|Any CPU
		Release|Any CPU = Release|Any CPU
	EndGlobalSection
	GlobalSection(ProjectConfigurationPlatforms) = postSolution
		{05F5D0AE-AD1F-478C-8DDF-188321C62F1E}.Debug|Any CPU.ActiveCfg = Debug|Any CPU
		{05F5D0AE-AD1F-478C-8DDF-188321C62F1E}.Debug|Any CPU.Build.0 = Debug|Any CPU
		{05F5D0AE-AD1F-478C-8DDF-188321C62F1E}.Release|Any CPU.ActiveCfg = Release|Any CPU
		{05F5D0AE-AD1F-478C-8DDF-188321C62F1E}.Release|Any CPU.Build.0 = Release|Any CPU
		{A7AB95B2-F82B-487F-ADAC-4ED35FDC54C4}.Debug|Any CPU.ActiveCfg = Debug|Any CPU
		{A7AB95B2-F82B-487F-ADAC-4ED35FDC54C4}.Debug|Any CPU.Build.0 = Debug|Any CPU
		{A7AB95B2-F82B-487F-ADAC-4ED35FDC54C4}.Release|Any CPU.ActiveCfg = Release|Any CPU
		{A7AB95B2-F82B-487F-ADAC-4ED35FDC54C4}.Release|Any CPU.Build.0 = Release|Any CPU
	EndGlobalSection
	GlobalSection(SolutionProperties) = preSolution
		HideSolutionNode = FALSE
	EndGlobalSection
	GlobalSection(ExtensibilityGlobals) = postSolution
		SolutionGuid = {E8386A2D-D881-4241-B150-FFF16486507F}
	EndGlobalSection
EndGlobal
